
Microsoft Visual Studio Solution File, Format Version 12.00
# Visual Studio Version 16
VisualStudioVersion = 25.0.1706.14
MinimumVisualStudioVersion = 10.0.40219.1
Project("{FAE04EC0-301F-11D3-BF4B-00C04F79EFBC}") = "LatokenHackaton", "LatokenHackaton\LatokenHackaton.csproj", "{4B730C4E-49A6-49B3-B116-F04A18B5136E}"
EndProject
Global
	GlobalSection(SolutionConfigurationPlatforms) = preSolution
		Debug|Any CPU = Debug|Any CPU
		Release|Any CPU = Release|Any CPU
	EndGlobalSection
	GlobalSection(ProjectConfigurationPlatforms) = postSolution
		{4B730C4E-49A6-49B3-B116-F04A18B5136E}.Debug|Any CPU.ActiveCfg = Debug|Any CPU
		{4B730C4E-49A6-49B3-B116-F04A18B5136E}.Debug|Any CPU.Build.0 = Debug|Any CPU
		{4B730C4E-49A6-49B3-B116-F04A18B5136E}.Release|Any CPU.ActiveCfg = Release|Any CPU
		{4B730C4E-49A6-49B3-B116-F04A18B5136E}.Release|Any CPU.Build.0 = Release|Any CPU
	EndGlobalSection
	GlobalSection(SolutionProperties) = preSolution
		HideSolutionNode = FALSE
	EndGlobalSection
	GlobalSection(ExtensibilityGlobals) = postSolution
		SolutionGuid = {94E4C959-DBF2-43FA-8E8A-8EE0F2948688}
	EndGlobalSection
EndGlobal
